
Microsoft Visual Studio Solution File, Format Version 12.00
# Visual Studio Version 17
VisualStudioVersion = 17.5.001.0
MinimumVisualStudioVersion = 10.0.40219.1
Project("{9A19103F-16F7-4668-BE54-9A1E7A4F7556}") = "BubbleSort.Console", "BubbleSort.Console\BubbleSort.Console.csproj", "{1E4B2756-5074-4284-9D80-78C5BC8D1B98}"
EndProject
Project("{9A19103F-16F7-4668-BE54-9A1E7A4F7556}") = "BubbleSort.Test", "BubbleSort.Test\BubbleSort.Test.csproj", "{A901340C-5A12-4C6E-98E4-E1330C0AC96E}"
EndProject
Global
	GlobalSection(SolutionConfigurationPlatforms) = preSolution
		Debug|Any CPU = Debug|Any CPU
		Release|Any CPU = Release|Any CPU
	EndGlobalSection
	GlobalSection(ProjectConfigurationPlatforms) = postSolution
		{1E4B2756-5074-4284-9D80-78C5BC8D1B98}.Debug|Any CPU.ActiveCfg = Debug|Any CPU
		{1E4B2756-5074-4284-9D80-78C5BC8D1B98}.Debug|Any CPU.Build.0 = Debug|Any CPU
		{1E4B2756-5074-4284-9D80-78C5BC8D1B98}.Release|Any CPU.ActiveCfg = Release|Any CPU
		{1E4B2756-5074-4284-9D80-78C5BC8D1B98}.Release|Any CPU.Build.0 = Release|Any CPU
		{A901340C-5A12-4C6E-98E4-E1330C0AC96E}.Debug|Any CPU.ActiveCfg = Debug|Any CPU
		{A901340C-5A12-4C6E-98E4-E1330C0AC96E}.Debug|Any CPU.Build.0 = Debug|Any CPU
		{A901340C-5A12-4C6E-98E4-E1330C0AC96E}.Release|Any CPU.ActiveCfg = Release|Any CPU
		{A901340C-5A12-4C6E-98E4-E1330C0AC96E}.Release|Any CPU.Build.0 = Release|Any CPU
	EndGlobalSection
	GlobalSection(SolutionProperties) = preSolution
		HideSolutionNode = FALSE
	EndGlobalSection
	GlobalSection(ExtensibilityGlobals) = postSolution
		SolutionGuid = {4E992BA5-FD14-42D6-957D-C1BFFAE95FE6}
	EndGlobalSection
EndGlobal
