
Microsoft Visual Studio Solution File, Format Version 12.00
# Visual Studio Version 17
VisualStudioVersion = 17.0.31903.59
MinimumVisualStudioVersion = 10.0.40219.1
Project("{FAE04EC0-301F-11D3-BF4B-00C04F79EFBC}") = "Net8Playground", "Net8Playground\Net8Playground.csproj", "{54CECB27-1013-4C89-8ED3-1689327AF341}"
EndProject
Project("{FAE04EC0-301F-11D3-BF4B-00C04F79EFBC}") = "Net6Playground", "Net6Playground\Net6Playground.csproj", "{E02EAA7D-D94B-4E9A-B086-EE117CBC5916}"
EndProject
Project("{FAE04EC0-301F-11D3-BF4B-00C04F79EFBC}") = "Net8Playground.API", "Net8Playground.API\Net8Playground.API.csproj", "{11582985-4774-4A8D-B35A-D95A24916124}"
EndProject
Global
	GlobalSection(SolutionConfigurationPlatforms) = preSolution
		Debug|Any CPU = Debug|Any CPU
		Release|Any CPU = Release|Any CPU
	EndGlobalSection
	GlobalSection(SolutionProperties) = preSolution
		HideSolutionNode = FALSE
	EndGlobalSection
	GlobalSection(ProjectConfigurationPlatforms) = postSolution
		{54CECB27-1013-4C89-8ED3-1689327AF341}.Debug|Any CPU.ActiveCfg = Debug|Any CPU
		{54CECB27-1013-4C89-8ED3-1689327AF341}.Debug|Any CPU.Build.0 = Debug|Any CPU
		{54CECB27-1013-4C89-8ED3-1689327AF341}.Release|Any CPU.ActiveCfg = Release|Any CPU
		{54CECB27-1013-4C89-8ED3-1689327AF341}.Release|Any CPU.Build.0 = Release|Any CPU
		{E02EAA7D-D94B-4E9A-B086-EE117CBC5916}.Debug|Any CPU.ActiveCfg = Debug|Any CPU
		{E02EAA7D-D94B-4E9A-B086-EE117CBC5916}.Debug|Any CPU.Build.0 = Debug|Any CPU
		{E02EAA7D-D94B-4E9A-B086-EE117CBC5916}.Release|Any CPU.ActiveCfg = Release|Any CPU
		{E02EAA7D-D94B-4E9A-B086-EE117CBC5916}.Release|Any CPU.Build.0 = Release|Any CPU
		{11582985-4774-4A8D-B35A-D95A24916124}.Debug|Any CPU.ActiveCfg = Debug|Any CPU
		{11582985-4774-4A8D-B35A-D95A24916124}.Debug|Any CPU.Build.0 = Debug|Any CPU
		{11582985-4774-4A8D-B35A-D95A24916124}.Release|Any CPU.ActiveCfg = Release|Any CPU
		{11582985-4774-4A8D-B35A-D95A24916124}.Release|Any CPU.Build.0 = Release|Any CPU
	EndGlobalSection
EndGlobal
