
Microsoft Visual Studio Solution File, Format Version 12.00
# Visual Studio Version 16
VisualStudioVersion = 16.0.30114.105
MinimumVisualStudioVersion = 10.0.40219.1
Project("{FAE04EC0-301F-11D3-BF4B-00C04F79EFBC}") = "AsyncOverSyncTester.Worker", "AsyncOverSyncTester.Worker\AsyncOverSyncTester.Worker.csproj", "{0E7216F3-3DFC-4C05-8E2B-A0253F4E0C87}"
EndProject
Project("{FAE04EC0-301F-11D3-BF4B-00C04F79EFBC}") = "AsyncOverSyncTester.API", "AsyncOverSyncTester.API\AsyncOverSyncTester.API.csproj", "{92BBAFA1-9656-442B-A9A5-07696069FCC9}"
EndProject
Global
	GlobalSection(SolutionConfigurationPlatforms) = preSolution
		Debug|Any CPU = Debug|Any CPU
		Release|Any CPU = Release|Any CPU
	EndGlobalSection
	GlobalSection(SolutionProperties) = preSolution
		HideSolutionNode = FALSE
	EndGlobalSection
	GlobalSection(ProjectConfigurationPlatforms) = postSolution
		{0E7216F3-3DFC-4C05-8E2B-A0253F4E0C87}.Debug|Any CPU.ActiveCfg = Debug|Any CPU
		{0E7216F3-3DFC-4C05-8E2B-A0253F4E0C87}.Debug|Any CPU.Build.0 = Debug|Any CPU
		{0E7216F3-3DFC-4C05-8E2B-A0253F4E0C87}.Release|Any CPU.ActiveCfg = Release|Any CPU
		{0E7216F3-3DFC-4C05-8E2B-A0253F4E0C87}.Release|Any CPU.Build.0 = Release|Any CPU
		{92BBAFA1-9656-442B-A9A5-07696069FCC9}.Debug|Any CPU.ActiveCfg = Debug|Any CPU
		{92BBAFA1-9656-442B-A9A5-07696069FCC9}.Debug|Any CPU.Build.0 = Debug|Any CPU
		{92BBAFA1-9656-442B-A9A5-07696069FCC9}.Release|Any CPU.ActiveCfg = Release|Any CPU
		{92BBAFA1-9656-442B-A9A5-07696069FCC9}.Release|Any CPU.Build.0 = Release|Any CPU
	EndGlobalSection
EndGlobal
