
Microsoft Visual Studio Solution File, Format Version 12.00
# Visual Studio Version 17
VisualStudioVersion = 17.0.31903.59
MinimumVisualStudioVersion = 10.0.40219.1
Project("{FAE04EC0-301F-11D3-BF4B-00C04F79EFBC}") = "RabbitMQFlows.APIProducer", "RabbitMQFlows.APIProducer\RabbitMQFlows.APIProducer.csproj", "{903F12D4-B4FE-4EA4-A114-DA7324847147}"
EndProject
Project("{FAE04EC0-301F-11D3-BF4B-00C04F79EFBC}") = "RabbitMQFlows.Consumer", "RabbitMQFlows.Consumer\RabbitMQFlows.Consumer.csproj", "{3F541FC1-7197-4FD5-9B4F-2F427EB4488B}"
EndProject
Project("{FAE04EC0-301F-11D3-BF4B-00C04F79EFBC}") = "RabbitMQFlows.Domain", "RabbitMQFlows.Domain\RabbitMQFlows.Domain.csproj", "{FA2941DA-C726-4ABF-8C39-F761AFC5279D}"
EndProject
Global
	GlobalSection(SolutionConfigurationPlatforms) = preSolution
		Debug|Any CPU = Debug|Any CPU
		Release|Any CPU = Release|Any CPU
	EndGlobalSection
	GlobalSection(SolutionProperties) = preSolution
		HideSolutionNode = FALSE
	EndGlobalSection
	GlobalSection(ProjectConfigurationPlatforms) = postSolution
		{903F12D4-B4FE-4EA4-A114-DA7324847147}.Debug|Any CPU.ActiveCfg = Debug|Any CPU
		{903F12D4-B4FE-4EA4-A114-DA7324847147}.Debug|Any CPU.Build.0 = Debug|Any CPU
		{903F12D4-B4FE-4EA4-A114-DA7324847147}.Release|Any CPU.ActiveCfg = Release|Any CPU
		{903F12D4-B4FE-4EA4-A114-DA7324847147}.Release|Any CPU.Build.0 = Release|Any CPU
		{3F541FC1-7197-4FD5-9B4F-2F427EB4488B}.Debug|Any CPU.ActiveCfg = Debug|Any CPU
		{3F541FC1-7197-4FD5-9B4F-2F427EB4488B}.Debug|Any CPU.Build.0 = Debug|Any CPU
		{3F541FC1-7197-4FD5-9B4F-2F427EB4488B}.Release|Any CPU.ActiveCfg = Release|Any CPU
		{3F541FC1-7197-4FD5-9B4F-2F427EB4488B}.Release|Any CPU.Build.0 = Release|Any CPU
		{FA2941DA-C726-4ABF-8C39-F761AFC5279D}.Debug|Any CPU.ActiveCfg = Debug|Any CPU
		{FA2941DA-C726-4ABF-8C39-F761AFC5279D}.Debug|Any CPU.Build.0 = Debug|Any CPU
		{FA2941DA-C726-4ABF-8C39-F761AFC5279D}.Release|Any CPU.ActiveCfg = Release|Any CPU
		{FA2941DA-C726-4ABF-8C39-F761AFC5279D}.Release|Any CPU.Build.0 = Release|Any CPU
	EndGlobalSection
EndGlobal
